{
  "name": "portfolio",
  "version": "1.0.0",
  "lockfileVersion": 2,
  "requires": true,
  "packages": {
    "": {
      "name": "portfolio",
      "version": "1.0.0",
      "license": "ISC",
      "dependencies": {
        "three": "^0.137.5",
        "vanta": "^0.5.21"
      }
    },
    "node_modules/three": {
      "version": "0.137.5",
      "resolved": "https://registry.npmjs.org/three/-/three-0.137.5.tgz",
      "integrity": "sha512-rTyr+HDFxjnN8+N/guZjDgfVxgHptZQpf6xfL/Mo7a5JYIFwK6tAq3bzxYYB4Ae0RosDZlDuP+X5aXDXz+XnHQ=="
    },
    "node_modules/vanta": {
      "version": "0.5.21",
      "resolved": "https://registry.npmjs.org/vanta/-/vanta-0.5.21.tgz",
      "integrity": "sha512-UYW6rYXVl8klFbQrhmgDMZ7SCys9hKROIuTlq5M+v6j346BPu1wqBwVRQPHiYsuooWkUYY6HSXV/9HrJBSuo6g=="
    }
  },
  "dependencies": {
    "three": {
      "version": "0.137.5",
      "resolved": "https://registry.npmjs.org/three/-/three-0.137.5.tgz",
      "integrity": "sha512-rTyr+HDFxjnN8+N/guZjDgfVxgHptZQpf6xfL/Mo7a5JYIFwK6tAq3bzxYYB4Ae0RosDZlDuP+X5aXDXz+XnHQ=="
    },
    "vanta": {
      "version": "0.5.21",
      "resolved": "https://registry.npmjs.org/vanta/-/vanta-0.5.21.tgz",
      "integrity": "sha512-UYW6rYXVl8klFbQrhmgDMZ7SCys9hKROIuTlq5M+v6j346BPu1wqBwVRQPHiYsuooWkUYY6HSXV/9HrJBSuo6g=="
    }
  }
}
